<?xml version="1.0" encoding="utf-8"?>
<Project ToolsVersion="4.0" xmlns="http://schemas.microsoft.com/developer/msbuild/2003">
  <ItemGroup>
    <Filter Include="Source Files">
      <UniqueIdentifier>{4FC737F1-C7A5-4376-A066-2A32D752A2FF}</UniqueIdentifier>
      <Extensions>cpp;c;cc;cxx;def;odl;idl;hpj;bat;asm;asmx</Extensions>
    </Filter>
    <Filter Include="Header Files">
      <UniqueIdentifier>{93995380-89BD-4b04-88EB-625FBE52EBFB}</UniqueIdentifier>
      <Extensions>h;hh;hpp;hxx;hm;inl;inc;xsd</Extensions>
    </Filter>
    <Filter Include="Resource Files">
      <UniqueIdentifier>{67DA6AB6-F800-4c08-8B7A-83BB121AAD01}</UniqueIdentifier>
      <Extensions>rc;ico;cur;bmp;dlg;rc2;rct;bin;rgs;gif;jpg;jpeg;jpe;resx;tiff;tif;png;wav;mfcribbon-ms</Extensions>
    </Filter>
  </ItemGroup>
  <ItemGroup>
    <ClInclude Include="..\source\bitFieldPoke.h">
      <Filter>Header Files</Filter>
    </ClInclude>
    <ClInclude Include="..\source\demo.h">
      <Filter>Header Files</Filter>
    </ClInclude>
    <ClInclude Include="..\source\demoRunner.h">
      <Filter>Header Files</Filter>
    </ClInclude>
    <ClInclude Include="..\source\menuDemo.h">
      <Filter>Header Files</Filter>
    </ClInclude>
    <ClInclude Include="..\source\peepHoleWindowDemo.h">
      <Filter>Header Files</Filter>
    </ClInclude>
    <ClInclude Include="..\source\poke.h">
      <Filter>Header Files</Filter>
    </ClInclude>
    <ClInclude Include="..\source\sinXScrollDemo.h">
      <Filter>Header Files</Filter>
    </ClInclude>
    <ClInclude Include="..\source\spotlightDemo.h">
      <Filter>Header Files</Filter>
    </ClInclude>
    <ClInclude Include="..\source\superParallaxDemo.h">
      <Filter>Header Files</Filter>
    </ClInclude>
    <ClInclude Include="..\source\vrambatcher.h">
      <Filter>Header Files</Filter>
    </ClInclude>
    <ClInclude Include="..\source\registerOverride.h">
      <Filter>Header Files</Filter>
    </ClInclude>
    <ClInclude Include="..\source\particleDemo.h">
      <Filter>Header Files</Filter>
    </ClInclude>
    <ClInclude Include="..\source\scanInDemo.h">
      <Filter>Header Files</Filter>
    </ClInclude>
    <ClInclude Include="..\source\rasterbarDemo.h">
      <Filter>Header Files</Filter>
    </ClInclude>
    <ClInclude Include="..\source\fixedMath.h">
      <Filter>Header Files</Filter>
    </ClInclude>
  </ItemGroup>
  <ItemGroup>
    <ClCompile Include="..\source\demo.cpp">
      <Filter>Source Files</Filter>
    </ClCompile>
    <ClCompile Include="..\source\demoRunner.cpp">
      <Filter>Source Files</Filter>
    </ClCompile>
    <ClCompile Include="..\source\main.cpp">
      <Filter>Source Files</Filter>
    </ClCompile>
    <ClCompile Include="..\source\menuDemo.cpp">
      <Filter>Source Files</Filter>
    </ClCompile>
    <ClCompile Include="..\source\peepHoleWindowDemo.cpp">
      <Filter>Source Files</Filter>
    </ClCompile>
    <ClCompile Include="..\source\poke.cpp">
      <Filter>Source Files</Filter>
    </ClCompile>
    <ClCompile Include="..\source\sinXScrollDemo.cpp">
      <Filter>Source Files</Filter>
    </ClCompile>
    <ClCompile Include="..\source\spotlightDemo.cpp">
      <Filter>Source Files</Filter>
    </ClCompile>
    <ClCompile Include="..\source\superParallaxDemo.cpp">
      <Filter>Source Files</Filter>
    </ClCompile>
    <ClCompile Include="..\source\vrambatcher.cpp">
      <Filter>Source Files</Filter>
    </ClCompile>
    <ClCompile Include="..\source\particleDemo.cpp">
      <Filter>Source Files</Filter>
    </ClCompile>
    <ClCompile Include="..\source\vrambatcher.itcm.cpp">
      <Filter>Source Files</Filter>
    </ClCompile>
    <ClCompile Include="..\source\demoRunner.itcm.cpp">
      <Filter>Source Files</Filter>
    </ClCompile>
    <ClCompile Include="..\source\poke.itcm.cpp">
      <Filter>Source Files</Filter>
    </ClCompile>
    <ClCompile Include="..\source\scanInDemo.cpp">
      <Filter>Source Files</Filter>
    </ClCompile>
    <ClCompile Include="..\source\rasterbarDemo.cpp">
      <Filter>Source Files</Filter>
    </ClCompile>
    <ClCompile Include="..\source\fixedTest.cpp">
      <Filter>Source Files</Filter>
    </ClCompile>
    <ClCompile Include="..\source\fixedMath.cpp">
      <Filter>Source Files</Filter>
    </ClCompile>
  </ItemGroup>
</Project>